
Microsoft Visual Studio Solution File, Format Version 12.00
# Visual Studio Version 16
VisualStudioVersion = 16.0.32901.82
MinimumVisualStudioVersion = 10.0.40219.1
Project("{FAE04EC0-301F-11D3-BF4B-00C04F79EFBC}") = "Практическая 1", "Практическая 1\Практическая 1.csproj", "{CD9F479F-99C6-4A27-9E05-8BE9F19DB201}"
EndProject
Global
	GlobalSection(SolutionConfigurationPlatforms) = preSolution
		Debug|Any CPU = Debug|Any CPU
		Release|Any CPU = Release|Any CPU
	EndGlobalSection
	GlobalSection(ProjectConfigurationPlatforms) = postSolution
		{CD9F479F-99C6-4A27-9E05-8BE9F19DB201}.Debug|Any CPU.ActiveCfg = Debug|Any CPU
		{CD9F479F-99C6-4A27-9E05-8BE9F19DB201}.Debug|Any CPU.Build.0 = Debug|Any CPU
		{CD9F479F-99C6-4A27-9E05-8BE9F19DB201}.Release|Any CPU.ActiveCfg = Release|Any CPU
		{CD9F479F-99C6-4A27-9E05-8BE9F19DB201}.Release|Any CPU.Build.0 = Release|Any CPU
	EndGlobalSection
	GlobalSection(SolutionProperties) = preSolution
		HideSolutionNode = FALSE
	EndGlobalSection
	GlobalSection(ExtensibilityGlobals) = postSolution
		SolutionGuid = {77487D20-2DE5-43A2-A5F9-4FA62D9E59E7}
	EndGlobalSection
EndGlobal
